
Microsoft Visual Studio Solution File, Format Version 12.00
# Visual Studio 15
VisualStudioVersion = 15.0.27130.2036
MinimumVisualStudioVersion = 10.0.40219.1
Project("{8BC9CEB8-8B4A-11D0-8D11-00A0C91BC942}") = "Ultimate", "Ultimate\Ultimate.vcxproj", "{DA13EA2D-4ECF-4A6D-820E-C3C4E560BC13}"
EndProject
Global
	GlobalSection(SolutionConfigurationPlatforms) = preSolution
		Debug|x86 = Debug|x86
		Release|x86 = Release|x86
	EndGlobalSection
	GlobalSection(ProjectConfigurationPlatforms) = postSolution
		{DA13EA2D-4ECF-4A6D-820E-C3C4E560BC13}.Debug|x86.ActiveCfg = Debug|Win32
		{DA13EA2D-4ECF-4A6D-820E-C3C4E560BC13}.Debug|x86.Build.0 = Debug|Win32
		{DA13EA2D-4ECF-4A6D-820E-C3C4E560BC13}.Release|x86.ActiveCfg = Release|Win32
		{DA13EA2D-4ECF-4A6D-820E-C3C4E560BC13}.Release|x86.Build.0 = Release|Win32
	EndGlobalSection
	GlobalSection(SolutionProperties) = preSolution
		HideSolutionNode = FALSE
	EndGlobalSection
	GlobalSection(ExtensibilityGlobals) = postSolution
		SolutionGuid = {FDF858CB-709E-4F32-9EB5-5327B5582AC0}
	EndGlobalSection
EndGlobal
