<?xml version="1.0" encoding="utf-8"?>
<Project ToolsVersion="4.0" xmlns="http://schemas.microsoft.com/developer/msbuild/2003">
  <ItemGroup>
    <Filter Include="Source Files">
      <UniqueIdentifier>{4FC737F1-C7A5-4376-A066-2A32D752A2FF}</UniqueIdentifier>
      <Extensions>cpp;c;cc;cxx;def;odl;idl;hpj;bat;asm;asmx</Extensions>
    </Filter>
    <Filter Include="Header Files">
      <UniqueIdentifier>{93995380-89BD-4b04-88EB-625FBE52EBFB}</UniqueIdentifier>
      <Extensions>h;hh;hpp;hxx;hm;inl;inc;xsd</Extensions>
    </Filter>
    <Filter Include="Resource Files">
      <UniqueIdentifier>{67DA6AB6-F800-4c08-8B7A-83BB121AAD01}</UniqueIdentifier>
      <Extensions>rc;ico;cur;bmp;dlg;rc2;rct;bin;rgs;gif;jpg;jpeg;jpe;resx;tiff;tif;png;wav;mfcribbon-ms</Extensions>
    </Filter>
  </ItemGroup>
  <ItemGroup>
    <ClCompile Include="src\dllmain.cpp">
      <Filter>Source Files</Filter>
    </ClCompile>
    <ClCompile Include="src\ultimate\Ultimate.cpp">
      <Filter>Source Files</Filter>
    </ClCompile>
    <ClCompile Include="src\hook\Detour.cpp">
      <Filter>Source Files</Filter>
    </ClCompile>
    <ClCompile Include="src\hook\DetourManager.cpp">
      <Filter>Source Files</Filter>
    </ClCompile>
    <ClCompile Include="src\hook\d3d\EndSceneDetour.cpp">
      <Filter>Source Files</Filter>
    </ClCompile>
    <ClCompile Include="src\ultimate\UltimateConsole.cpp">
      <Filter>Source Files</Filter>
    </ClCompile>
    <ClCompile Include="src\patch\PatchManager.cpp">
      <Filter>Source Files</Filter>
    </ClCompile>
    <ClCompile Include="src\patch\Patch.cpp">
      <Filter>Source Files</Filter>
    </ClCompile>
    <ClCompile Include="src\hook\user32\DispatchMessageDetour.cpp">
      <Filter>Source Files</Filter>
    </ClCompile>
    <ClCompile Include="src\menu\MenuManager.cpp">
      <Filter>Source Files</Filter>
    </ClCompile>
    <ClCompile Include="src\hook\input\MouseEventDetour.cpp">
      <Filter>Source Files</Filter>
    </ClCompile>
    <ClCompile Include="src\hook\party\ClientHandshakeDetour.cpp">
      <Filter>Source Files</Filter>
    </ClCompile>
    <ClCompile Include="src\hook\d3d\ResetDetour.cpp">
      <Filter>Source Files</Filter>
    </ClCompile>
    <ClCompile Include="src\util\VTable.cpp">
      <Filter>Source Files</Filter>
    </ClCompile>
    <ClCompile Include="src\security\AccessControl.cpp">
      <Filter>Source Files</Filter>
    </ClCompile>
    <ClCompile Include="src\security\BanEntry.cpp">
      <Filter>Source Files</Filter>
    </ClCompile>
    <ClCompile Include="src\hook\game\SayDetour.cpp">
      <Filter>Source Files</Filter>
    </ClCompile>
    <ClCompile Include="src\hook\game\PlayerDieDetour.cpp">
      <Filter>Source Files</Filter>
    </ClCompile>
    <ClCompile Include="src\mod\LoadoutControl.cpp">
      <Filter>Source Files</Filter>
    </ClCompile>
    <ClCompile Include="src\util\StringUtil.cpp">
      <Filter>Source Files</Filter>
    </ClCompile>
    <ClCompile Include="src\mod\weapon\WeaponRule.cpp">
      <Filter>Source Files</Filter>
    </ClCompile>
    <ClCompile Include="src\mod\weapon\AttachmentRule.cpp">
      <Filter>Source Files</Filter>
    </ClCompile>
    <ClCompile Include="src\mod\weapon\WeaponClassRule.cpp">
      <Filter>Source Files</Filter>
    </ClCompile>
    <ClCompile Include="src\mod\perk\PerkRule.cpp">
      <Filter>Source Files</Filter>
    </ClCompile>
    <ClCompile Include="src\settings\Settings.cpp">
      <Filter>Source Files</Filter>
    </ClCompile>
    <ClCompile Include="src\hook\party\CanHostServerDetour.cpp">
      <Filter>Source Files</Filter>
    </ClCompile>
    <ClCompile Include="src\hook\script\ScriptManager.cpp">
      <Filter>Source Files</Filter>
    </ClCompile>
    <ClCompile Include="src\hook\script\ScriptProxy.cpp">
      <Filter>Source Files</Filter>
    </ClCompile>
    <ClCompile Include="src\hook\script\RegisterMethodDetour.cpp">
      <Filter>Source Files</Filter>
    </ClCompile>
    <ClCompile Include="src\mod\game\ActiveGame.cpp">
      <Filter>Source Files</Filter>
    </ClCompile>
    <ClCompile Include="src\mod\game\ActivePlayer.cpp">
      <Filter>Source Files</Filter>
    </ClCompile>
    <ClCompile Include="src\hook\game\ClientDisconnectDetour.cpp">
      <Filter>Source Files</Filter>
    </ClCompile>
    <ClCompile Include="lib\iw4\network.cpp">
      <Filter>Source Files</Filter>
    </ClCompile>
    <ClCompile Include="lib\iw4\party.cpp">
      <Filter>Source Files</Filter>
    </ClCompile>
    <ClCompile Include="lib\iw4\weapon.cpp">
      <Filter>Source Files</Filter>
    </ClCompile>
    <ClCompile Include="src\hook\script\Scripts.cpp">
      <Filter>Source Files</Filter>
    </ClCompile>
    <ClCompile Include="lib\iw4\menu.cpp">
      <Filter>Source Files</Filter>
    </ClCompile>
    <ClCompile Include="lib\iw4\ui.cpp">
      <Filter>Source Files</Filter>
    </ClCompile>
    <ClCompile Include="lib\iw4\dvar.cpp">
      <Filter>Source Files</Filter>
    </ClCompile>
    <ClCompile Include="src\hook\asset\FindXAssetHeaderDetour.cpp">
      <Filter>Source Files</Filter>
    </ClCompile>
    <ClCompile Include="lib\iw4\structure.cpp">
      <Filter>Source Files</Filter>
    </ClCompile>
    <ClCompile Include="lib\iw4\sever.cpp">
      <Filter>Source Files</Filter>
    </ClCompile>
    <ClCompile Include="lib\iw4\server.cpp">
      <Filter>Source Files</Filter>
    </ClCompile>
    <ClCompile Include="lib\iw4\game.cpp">
      <Filter>Source Files</Filter>
    </ClCompile>
    <ClCompile Include="src\mod\thread\ThreadAction.cpp">
      <Filter>Source Files</Filter>
    </ClCompile>
    <ClCompile Include="src\mod\thread\RunningThreads.cpp">
      <Filter>Source Files</Filter>
    </ClCompile>
    <ClCompile Include="src\hook\game\MenuResponseDetour.cpp">
      <Filter>Source Files</Filter>
    </ClCompile>
    <ClCompile Include="src\util\Message.cpp">
      <Filter>Source Files</Filter>
    </ClCompile>
    <ClCompile Include="src\hook\server\GameSendServerCommandDetour.cpp">
      <Filter>Source Files</Filter>
    </ClCompile>
    <ClCompile Include="src\hook\network\NetchanProcessDetour.cpp">
      <Filter>Source Files</Filter>
    </ClCompile>
    <ClCompile Include="src\hook\script\NotifyDetour.cpp">
      <Filter>Source Files</Filter>
    </ClCompile>
    <ClCompile Include="src\mod\events\EventQueue.cpp">
      <Filter>Source Files</Filter>
    </ClCompile>
    <ClCompile Include="src\mod\events\Event.cpp">
      <Filter>Source Files</Filter>
    </ClCompile>
    <ClCompile Include="src\mod\events\EntityEvent.cpp">
      <Filter>Source Files</Filter>
    </ClCompile>
    <ClCompile Include="lib\iw4\entity.cpp">
      <Filter>Source Files</Filter>
    </ClCompile>
    <ClCompile Include="src\disasembler\Opcode.cpp">
      <Filter>Source Files</Filter>
    </ClCompile>
    <ClCompile Include="src\disasembler\Disassembler.cpp">
      <Filter>Source Files</Filter>
    </ClCompile>
    <ClCompile Include="src\util\Log.cpp">
      <Filter>Source Files</Filter>
    </ClCompile>
    <ClCompile Include="src\vm\VirtualMachine.cpp">
      <Filter>Source Files</Filter>
    </ClCompile>
    <ClCompile Include="src\vm\context\VmContext.cpp">
      <Filter>Source Files</Filter>
    </ClCompile>
    <ClCompile Include="src\vm\value\VMValue.cpp">
      <Filter>Source Files</Filter>
    </ClCompile>
    <ClCompile Include="src\vm\thread\VmThread.cpp">
      <Filter>Source Files</Filter>
    </ClCompile>
    <ClCompile Include="src\vm\value\VmStack.cpp">
      <Filter>Source Files</Filter>
    </ClCompile>
    <ClCompile Include="lib\iw4\playerstate.cpp">
      <Filter>Source Files</Filter>
    </ClCompile>
    <ClCompile Include="lib\iw4\client.cpp">
      <Filter>Source Files</Filter>
    </ClCompile>
    <ClCompile Include="src\mod\events\GenericEvent.cpp">
      <Filter>Source Files</Filter>
    </ClCompile>
    <ClCompile Include="lib\iw4\script.cpp">
      <Filter>Source Files</Filter>
    </ClCompile>
    <ClCompile Include="lib\iw4\hudelem.cpp">
      <Filter>Source Files</Filter>
    </ClCompile>
    <ClCompile Include="src\hook\game\FindConfigstringIndexDetour.cpp">
      <Filter>Source Files</Filter>
    </ClCompile>
    <ClCompile Include="lib\iw4\iw_string.cpp">
      <Filter>Source Files</Filter>
    </ClCompile>
    <ClCompile Include="src\mod\game\CrateTracker.cpp">
      <Filter>Source Files</Filter>
    </ClCompile>
    <ClCompile Include="src\hook\script\RunFrameDetour.cpp">
      <Filter>Source Files</Filter>
    </ClCompile>
    <ClCompile Include="src\compiler\compiler.cpp">
      <Filter>Source Files</Filter>
    </ClCompile>
    <ClCompile Include="lib\steam\steam_api.cpp">
      <Filter>Source Files</Filter>
    </ClCompile>
    <ClCompile Include="lib\imgui\impl\imgui_impl_dx9.cpp">
      <Filter>Source Files</Filter>
    </ClCompile>
    <ClCompile Include="lib\imgui\impl\imgui_impl_win32.cpp">
      <Filter>Source Files</Filter>
    </ClCompile>
    <ClCompile Include="lib\imgui\imgui.cpp">
      <Filter>Source Files</Filter>
    </ClCompile>
    <ClCompile Include="lib\imgui\imgui_demo.cpp">
      <Filter>Source Files</Filter>
    </ClCompile>
    <ClCompile Include="lib\imgui\imgui_draw.cpp">
      <Filter>Source Files</Filter>
    </ClCompile>
    <ClCompile Include="lib\imgui\imgui_widgets.cpp">
      <Filter>Source Files</Filter>
    </ClCompile>
    <ClCompile Include="src\hook\d3d\D3DHooks.cpp">
      <Filter>Source Files</Filter>
    </ClCompile>
  </ItemGroup>
  <ItemGroup>
    <ClInclude Include="src\ultimate\Ultimate.h">
      <Filter>Header Files</Filter>
    </ClInclude>
    <ClInclude Include="lib\detours\detours.h">
      <Filter>Header Files</Filter>
    </ClInclude>
    <ClInclude Include="src\hook\Detour.h">
      <Filter>Header Files</Filter>
    </ClInclude>
    <ClInclude Include="lib\detours\detver.h">
      <Filter>Header Files</Filter>
    </ClInclude>
    <ClInclude Include="lib\detours\syelog.h">
      <Filter>Header Files</Filter>
    </ClInclude>
    <ClInclude Include="src\hook\DetourManager.h">
      <Filter>Header Files</Filter>
    </ClInclude>
    <ClInclude Include="src\hook\d3d\EndSceneDetour.h">
      <Filter>Header Files</Filter>
    </ClInclude>
    <ClInclude Include="src\util\VTable.h">
      <Filter>Header Files</Filter>
    </ClInclude>
    <ClInclude Include="src\ultimate\UltimateConsole.h">
      <Filter>Header Files</Filter>
    </ClInclude>
    <ClInclude Include="src\patch\PatchManager.h">
      <Filter>Header Files</Filter>
    </ClInclude>
    <ClInclude Include="src\patch\Patch.h">
      <Filter>Header Files</Filter>
    </ClInclude>
    <ClInclude Include="src\hook\user32\DispatchMessageDetour.h">
      <Filter>Header Files</Filter>
    </ClInclude>
    <ClInclude Include="src\menu\MenuManager.h">
      <Filter>Header Files</Filter>
    </ClInclude>
    <ClInclude Include="src\hook\input\MouseEventDetour.h">
      <Filter>Header Files</Filter>
    </ClInclude>
    <ClInclude Include="src\hook\party\ClientHandshakeDetour.h">
      <Filter>Header Files</Filter>
    </ClInclude>
    <ClInclude Include="lib\iw4\iw4.h">
      <Filter>Header Files</Filter>
    </ClInclude>
    <ClInclude Include="src\hook\d3d\ResetDetour.h">
      <Filter>Header Files</Filter>
    </ClInclude>
    <ClInclude Include="src\security\AccessControl.h">
      <Filter>Header Files</Filter>
    </ClInclude>
    <ClInclude Include="src\security\BanEntry.h">
      <Filter>Header Files</Filter>
    </ClInclude>
    <ClInclude Include="src\hook\game\SayDetour.h">
      <Filter>Header Files</Filter>
    </ClInclude>
    <ClInclude Include="src\hook\game\PlayerDieDetour.h">
      <Filter>Header Files</Filter>
    </ClInclude>
    <ClInclude Include="src\mod\LoadoutControl.h">
      <Filter>Header Files</Filter>
    </ClInclude>
    <ClInclude Include="src\util\StringUtil.h">
      <Filter>Header Files</Filter>
    </ClInclude>
    <ClInclude Include="src\mod\weapon\WeaponRule.h">
      <Filter>Header Files</Filter>
    </ClInclude>
    <ClInclude Include="src\mod\weapon\AttachmentRule.h">
      <Filter>Header Files</Filter>
    </ClInclude>
    <ClInclude Include="src\mod\weapon\WeaponClassRule.h">
      <Filter>Header Files</Filter>
    </ClInclude>
    <ClInclude Include="src\mod\perk\PerkRule.h">
      <Filter>Header Files</Filter>
    </ClInclude>
    <ClInclude Include="src\settings\Settings.h">
      <Filter>Header Files</Filter>
    </ClInclude>
    <ClInclude Include="src\hook\party\CanHostServerDetour.h">
      <Filter>Header Files</Filter>
    </ClInclude>
    <ClInclude Include="src\hook\script\ScriptManager.h">
      <Filter>Header Files</Filter>
    </ClInclude>
    <ClInclude Include="src\hook\script\ScriptProxy.h">
      <Filter>Header Files</Filter>
    </ClInclude>
    <ClInclude Include="src\hook\script\RegisterMethodDetour.h">
      <Filter>Header Files</Filter>
    </ClInclude>
    <ClInclude Include="src\mod\game\ActiveGame.h">
      <Filter>Header Files</Filter>
    </ClInclude>
    <ClInclude Include="src\mod\game\ActivePlayer.h">
      <Filter>Header Files</Filter>
    </ClInclude>
    <ClInclude Include="src\hook\game\ClientDisconnectDetour.h">
      <Filter>Header Files</Filter>
    </ClInclude>
    <ClInclude Include="lib\iw4\util.h">
      <Filter>Header Files</Filter>
    </ClInclude>
    <ClInclude Include="lib\iw4\command.h">
      <Filter>Header Files</Filter>
    </ClInclude>
    <ClInclude Include="lib\iw4\gclient.h">
      <Filter>Header Files</Filter>
    </ClInclude>
    <ClInclude Include="lib\iw4\playerstate.h">
      <Filter>Header Files</Filter>
    </ClInclude>
    <ClInclude Include="lib\iw4\dvar.h">
      <Filter>Header Files</Filter>
    </ClInclude>
    <ClInclude Include="lib\iw4\entity.h">
      <Filter>Header Files</Filter>
    </ClInclude>
    <ClInclude Include="lib\iw4\game.h">
      <Filter>Header Files</Filter>
    </ClInclude>
    <ClInclude Include="lib\iw4\menu.h">
      <Filter>Header Files</Filter>
    </ClInclude>
    <ClInclude Include="lib\iw4\network.h">
      <Filter>Header Files</Filter>
    </ClInclude>
    <ClInclude Include="lib\iw4\party.h">
      <Filter>Header Files</Filter>
    </ClInclude>
    <ClInclude Include="lib\iw4\render.h">
      <Filter>Header Files</Filter>
    </ClInclude>
    <ClInclude Include="lib\iw4\script.h">
      <Filter>Header Files</Filter>
    </ClInclude>
    <ClInclude Include="lib\iw4\server.h">
      <Filter>Header Files</Filter>
    </ClInclude>
    <ClInclude Include="lib\iw4\iw_string.h">
      <Filter>Header Files</Filter>
    </ClInclude>
    <ClInclude Include="lib\iw4\weapon.h">
      <Filter>Header Files</Filter>
    </ClInclude>
    <ClInclude Include="src\hook\script\Scripts.h">
      <Filter>Header Files</Filter>
    </ClInclude>
    <ClInclude Include="lib\iw4\ui.h">
      <Filter>Header Files</Filter>
    </ClInclude>
    <ClInclude Include="lib\iw4\asset.h">
      <Filter>Header Files</Filter>
    </ClInclude>
    <ClInclude Include="lib\iw4\phys.h">
      <Filter>Header Files</Filter>
    </ClInclude>
    <ClInclude Include="lib\iw4\anim.h">
      <Filter>Header Files</Filter>
    </ClInclude>
    <ClInclude Include="lib\iw4\model.h">
      <Filter>Header Files</Filter>
    </ClInclude>
    <ClInclude Include="lib\iw4\surface.h">
      <Filter>Header Files</Filter>
    </ClInclude>
    <ClInclude Include="lib\iw4\material.h">
      <Filter>Header Files</Filter>
    </ClInclude>
    <ClInclude Include="lib\iw4\water.h">
      <Filter>Header Files</Filter>
    </ClInclude>
    <ClInclude Include="lib\iw4\image.h">
      <Filter>Header Files</Filter>
    </ClInclude>
    <ClInclude Include="lib\iw4\sound.h">
      <Filter>Header Files</Filter>
    </ClInclude>
    <ClInclude Include="lib\iw4\clip.h">
      <Filter>Header Files</Filter>
    </ClInclude>
    <ClInclude Include="lib\iw4\world.h">
      <Filter>Header Files</Filter>
    </ClInclude>
    <ClInclude Include="lib\iw4\light.h">
      <Filter>Header Files</Filter>
    </ClInclude>
    <ClInclude Include="lib\iw4\font.h">
      <Filter>Header Files</Filter>
    </ClInclude>
    <ClInclude Include="lib\iw4\loc.h">
      <Filter>Header Files</Filter>
    </ClInclude>
    <ClInclude Include="lib\iw4\leaderboard.h">
      <Filter>Header Files</Filter>
    </ClInclude>
    <ClInclude Include="lib\iw4\structure.h">
      <Filter>Header Files</Filter>
    </ClInclude>
    <ClInclude Include="lib\iw4\vehicle.h">
      <Filter>Header Files</Filter>
    </ClInclude>
    <ClInclude Include="src\hook\asset\FindXAssetHeaderDetour.h">
      <Filter>Header Files</Filter>
    </ClInclude>
    <ClInclude Include="lib\iw4\db.h">
      <Filter>Header Files</Filter>
    </ClInclude>
    <ClInclude Include="src\mod\thread\ThreadAction.h">
      <Filter>Header Files</Filter>
    </ClInclude>
    <ClInclude Include="src\mod\thread\RunningThreads.h">
      <Filter>Header Files</Filter>
    </ClInclude>
    <ClInclude Include="src\hook\game\MenuResponseDetour.h">
      <Filter>Header Files</Filter>
    </ClInclude>
    <ClInclude Include="lib\iw4\arg.h">
      <Filter>Header Files</Filter>
    </ClInclude>
    <ClInclude Include="src\util\Message.h">
      <Filter>Header Files</Filter>
    </ClInclude>
    <ClInclude Include="src\hook\server\GameSendServerCommandDetour.h">
      <Filter>Header Files</Filter>
    </ClInclude>
    <ClInclude Include="src\hook\network\NetchanProcessDetour.h">
      <Filter>Header Files</Filter>
    </ClInclude>
    <ClInclude Include="lib\iw4\message.h">
      <Filter>Header Files</Filter>
    </ClInclude>
    <ClInclude Include="src\hook\script\NotifyDetour.h">
      <Filter>Header Files</Filter>
    </ClInclude>
    <ClInclude Include="src\mod\events\EventQueue.h">
      <Filter>Header Files</Filter>
    </ClInclude>
    <ClInclude Include="src\mod\events\Event.h">
      <Filter>Header Files</Filter>
    </ClInclude>
    <ClInclude Include="src\mod\events\EntityEvent.h">
      <Filter>Header Files</Filter>
    </ClInclude>
    <ClInclude Include="src\disasembler\Opcode.h">
      <Filter>Header Files</Filter>
    </ClInclude>
    <ClInclude Include="src\disasembler\Disassembler.h">
      <Filter>Header Files</Filter>
    </ClInclude>
    <ClInclude Include="src\util\Log.h">
      <Filter>Header Files</Filter>
    </ClInclude>
    <ClInclude Include="lib\iw4\playercmd.h">
      <Filter>Header Files</Filter>
    </ClInclude>
    <ClInclude Include="src\vm\VirtualMachine.h">
      <Filter>Header Files</Filter>
    </ClInclude>
    <ClInclude Include="src\vm\context\VmContext.h">
      <Filter>Header Files</Filter>
    </ClInclude>
    <ClInclude Include="src\vm\value\VMValue.h">
      <Filter>Header Files</Filter>
    </ClInclude>
    <ClInclude Include="src\vm\context\VmInstruction.h">
      <Filter>Header Files</Filter>
    </ClInclude>
    <ClInclude Include="src\vm\thread\VmThread.h">
      <Filter>Header Files</Filter>
    </ClInclude>
    <ClInclude Include="src\vm\value\VmStack.h">
      <Filter>Header Files</Filter>
    </ClInclude>
    <ClInclude Include="lib\iw4\math.h">
      <Filter>Header Files</Filter>
    </ClInclude>
    <ClInclude Include="lib\iw4\client.h">
      <Filter>Header Files</Filter>
    </ClInclude>
    <ClInclude Include="src\mod\events\GenericEvent.h">
      <Filter>Header Files</Filter>
    </ClInclude>
    <ClInclude Include="lib\iw4\level.h">
      <Filter>Header Files</Filter>
    </ClInclude>
    <ClInclude Include="lib\iw4\hudelem.h">
      <Filter>Header Files</Filter>
    </ClInclude>
    <ClInclude Include="src\hook\game\FindConfigstringIndexDetour.h">
      <Filter>Header Files</Filter>
    </ClInclude>
    <ClInclude Include="lib\iw4\objective.h">
      <Filter>Header Files</Filter>
    </ClInclude>
    <ClInclude Include="src\mod\game\CrateTracker.h">
      <Filter>Header Files</Filter>
    </ClInclude>
    <ClInclude Include="src\hook\script\RunFrameDetour.h">
      <Filter>Header Files</Filter>
    </ClInclude>
    <ClInclude Include="src\compiler\compiler.h">
      <Filter>Header Files</Filter>
    </ClInclude>
    <ClInclude Include="lib\iw4\iw4_memory.h">
      <Filter>Header Files</Filter>
    </ClInclude>
    <ClInclude Include="lib\iw4\system.h">
      <Filter>Header Files</Filter>
    </ClInclude>
    <ClInclude Include="lib\iw4\iw_steam.h">
      <Filter>Header Files</Filter>
    </ClInclude>
    <ClInclude Include="lib\steam\isteamapplist.h">
      <Filter>Header Files</Filter>
    </ClInclude>
    <ClInclude Include="lib\steam\isteamapps.h">
      <Filter>Header Files</Filter>
    </ClInclude>
    <ClInclude Include="lib\steam\isteamclient.h">
      <Filter>Header Files</Filter>
    </ClInclude>
    <ClInclude Include="lib\steam\isteamcontroller.h">
      <Filter>Header Files</Filter>
    </ClInclude>
    <ClInclude Include="lib\steam\isteamfriends.h">
      <Filter>Header Files</Filter>
    </ClInclude>
    <ClInclude Include="lib\steam\isteamgameserver.h">
      <Filter>Header Files</Filter>
    </ClInclude>
    <ClInclude Include="lib\steam\isteamgameserverstats.h">
      <Filter>Header Files</Filter>
    </ClInclude>
    <ClInclude Include="lib\steam\isteamhtmlsurface.h">
      <Filter>Header Files</Filter>
    </ClInclude>
    <ClInclude Include="lib\steam\isteamhttp.h">
      <Filter>Header Files</Filter>
    </ClInclude>
    <ClInclude Include="lib\steam\isteammatchmaking.h">
      <Filter>Header Files</Filter>
    </ClInclude>
    <ClInclude Include="lib\steam\isteammusic.h">
      <Filter>Header Files</Filter>
    </ClInclude>
    <ClInclude Include="lib\steam\isteammusicremote.h">
      <Filter>Header Files</Filter>
    </ClInclude>
    <ClInclude Include="lib\steam\isteamnetworking.h">
      <Filter>Header Files</Filter>
    </ClInclude>
    <ClInclude Include="lib\steam\isteamremotestorage.h">
      <Filter>Header Files</Filter>
    </ClInclude>
    <ClInclude Include="lib\steam\isteamscreenshots.h">
      <Filter>Header Files</Filter>
    </ClInclude>
    <ClInclude Include="lib\steam\isteamugc.h">
      <Filter>Header Files</Filter>
    </ClInclude>
    <ClInclude Include="lib\steam\isteamunifiedmessages.h">
      <Filter>Header Files</Filter>
    </ClInclude>
    <ClInclude Include="lib\steam\isteamuser.h">
      <Filter>Header Files</Filter>
    </ClInclude>
    <ClInclude Include="lib\steam\isteamuserstats.h">
      <Filter>Header Files</Filter>
    </ClInclude>
    <ClInclude Include="lib\steam\isteamutils.h">
      <Filter>Header Files</Filter>
    </ClInclude>
    <ClInclude Include="lib\steam\matchmakingtypes.h">
      <Filter>Header Files</Filter>
    </ClInclude>
    <ClInclude Include="lib\steam\steam_api.h">
      <Filter>Header Files</Filter>
    </ClInclude>
    <ClInclude Include="lib\steam\steam_gameserver.h">
      <Filter>Header Files</Filter>
    </ClInclude>
    <ClInclude Include="lib\steam\steamclientpublic.h">
      <Filter>Header Files</Filter>
    </ClInclude>
    <ClInclude Include="lib\steam\steamcontrollerpublic.h">
      <Filter>Header Files</Filter>
    </ClInclude>
    <ClInclude Include="lib\steam\steamhttpenums.h">
      <Filter>Header Files</Filter>
    </ClInclude>
    <ClInclude Include="lib\steam\steamtypes.h">
      <Filter>Header Files</Filter>
    </ClInclude>
    <ClInclude Include="lib\steam\steamuniverse.h">
      <Filter>Header Files</Filter>
    </ClInclude>
    <ClInclude Include="lib\steam\steamvr.h">
      <Filter>Header Files</Filter>
    </ClInclude>
    <ClInclude Include="lib\imgui\impl\imgui_impl_dx9.h">
      <Filter>Header Files</Filter>
    </ClInclude>
    <ClInclude Include="lib\imgui\impl\imgui_impl_win32.h">
      <Filter>Header Files</Filter>
    </ClInclude>
    <ClInclude Include="lib\imgui\imconfig.h">
      <Filter>Header Files</Filter>
    </ClInclude>
    <ClInclude Include="lib\imgui\imgui.h">
      <Filter>Header Files</Filter>
    </ClInclude>
    <ClInclude Include="lib\imgui\imgui_internal.h">
      <Filter>Header Files</Filter>
    </ClInclude>
    <ClInclude Include="lib\imgui\imstb_rectpack.h">
      <Filter>Header Files</Filter>
    </ClInclude>
    <ClInclude Include="lib\imgui\imstb_textedit.h">
      <Filter>Header Files</Filter>
    </ClInclude>
    <ClInclude Include="lib\imgui\imstb_truetype.h">
      <Filter>Header Files</Filter>
    </ClInclude>
    <ClInclude Include="src\hook\VirtualHook.h">
      <Filter>Header Files</Filter>
    </ClInclude>
    <ClInclude Include="src\hook\Hook.h">
      <Filter>Header Files</Filter>
    </ClInclude>
    <ClInclude Include="src\hook\d3d\D3DHooks.h">
      <Filter>Header Files</Filter>
    </ClInclude>
    <ClInclude Include="lib\polyhook\Detour\ADetour.hpp">
      <Filter>Header Files</Filter>
    </ClInclude>
    <ClInclude Include="lib\polyhook\Detour\ILCallback.hpp">
      <Filter>Header Files</Filter>
    </ClInclude>
    <ClInclude Include="lib\polyhook\Detour\x64Detour.hpp">
      <Filter>Header Files</Filter>
    </ClInclude>
    <ClInclude Include="lib\polyhook\Detour\x86Detour.hpp">
      <Filter>Header Files</Filter>
    </ClInclude>
    <ClInclude Include="lib\polyhook\Exceptions\AVehHook.hpp">
      <Filter>Header Files</Filter>
    </ClInclude>
    <ClInclude Include="lib\polyhook\Exceptions\BreakPointHook.hpp">
      <Filter>Header Files</Filter>
    </ClInclude>
    <ClInclude Include="lib\polyhook\Exceptions\HWBreakPointHook.hpp">
      <Filter>Header Files</Filter>
    </ClInclude>
    <ClInclude Include="lib\polyhook\PE\EatHook.hpp">
      <Filter>Header Files</Filter>
    </ClInclude>
    <ClInclude Include="lib\polyhook\PE\IatHook.hpp">
      <Filter>Header Files</Filter>
    </ClInclude>
    <ClInclude Include="lib\polyhook\PE\PEB.hpp">
      <Filter>Header Files</Filter>
    </ClInclude>
    <ClInclude Include="lib\polyhook\Tests\TestEffectTracker.hpp">
      <Filter>Header Files</Filter>
    </ClInclude>
    <ClInclude Include="lib\polyhook\Virtuals\VFuncSwapHook.hpp">
      <Filter>Header Files</Filter>
    </ClInclude>
    <ClInclude Include="lib\polyhook\Virtuals\VTableSwapHook.hpp">
      <Filter>Header Files</Filter>
    </ClInclude>
    <ClInclude Include="lib\polyhook\ADisassembler.hpp">
      <Filter>Header Files</Filter>
    </ClInclude>
    <ClInclude Include="lib\polyhook\CapstoneDisassembler.hpp">
      <Filter>Header Files</Filter>
    </ClInclude>
    <ClInclude Include="lib\polyhook\Enums.hpp">
      <Filter>Header Files</Filter>
    </ClInclude>
    <ClInclude Include="lib\polyhook\ErrorLog.hpp">
      <Filter>Header Files</Filter>
    </ClInclude>
    <ClInclude Include="lib\polyhook\IHook.hpp">
      <Filter>Header Files</Filter>
    </ClInclude>
    <ClInclude Include="lib\polyhook\Instruction.hpp">
      <Filter>Header Files</Filter>
    </ClInclude>
    <ClInclude Include="lib\polyhook\MemProtector.hpp">
      <Filter>Header Files</Filter>
    </ClInclude>
    <ClInclude Include="lib\polyhook\Misc.hpp">
      <Filter>Header Files</Filter>
    </ClInclude>
    <ClInclude Include="lib\polyhook\PageAllocator.hpp">
      <Filter>Header Files</Filter>
    </ClInclude>
    <ClInclude Include="lib\polyhook\UID.hpp">
      <Filter>Header Files</Filter>
    </ClInclude>
    <ClInclude Include="lib\capstone\arm.h">
      <Filter>Header Files</Filter>
    </ClInclude>
    <ClInclude Include="lib\capstone\arm64.h">
      <Filter>Header Files</Filter>
    </ClInclude>
    <ClInclude Include="lib\capstone\capstone.h">
      <Filter>Header Files</Filter>
    </ClInclude>
    <ClInclude Include="lib\capstone\evm.h">
      <Filter>Header Files</Filter>
    </ClInclude>
    <ClInclude Include="lib\capstone\m68k.h">
      <Filter>Header Files</Filter>
    </ClInclude>
    <ClInclude Include="lib\capstone\m680x.h">
      <Filter>Header Files</Filter>
    </ClInclude>
    <ClInclude Include="lib\capstone\mips.h">
      <Filter>Header Files</Filter>
    </ClInclude>
    <ClInclude Include="lib\capstone\platform.h">
      <Filter>Header Files</Filter>
    </ClInclude>
    <ClInclude Include="lib\capstone\ppc.h">
      <Filter>Header Files</Filter>
    </ClInclude>
    <ClInclude Include="lib\capstone\sparc.h">
      <Filter>Header Files</Filter>
    </ClInclude>
    <ClInclude Include="lib\capstone\systemz.h">
      <Filter>Header Files</Filter>
    </ClInclude>
    <ClInclude Include="lib\capstone\tms320c64x.h">
      <Filter>Header Files</Filter>
    </ClInclude>
    <ClInclude Include="lib\capstone\x86.h">
      <Filter>Header Files</Filter>
    </ClInclude>
    <ClInclude Include="lib\capstone\xcore.h">
      <Filter>Header Files</Filter>
    </ClInclude>
  </ItemGroup>
  <ItemGroup>
    <None Include="lib\detours\detours.pdb" />
    <None Include="lib\gsl\gsl.h" />
    <None Include="lib\gsl\gsl_algorithm.h" />
    <None Include="lib\gsl\gsl_assert.h" />
    <None Include="lib\gsl\gsl_byte.h" />
    <None Include="lib\gsl\gsl_util.h" />
    <None Include="lib\gsl\multi_span.h" />
    <None Include="lib\gsl\pointers.h" />
    <None Include="lib\gsl\span.h" />
    <None Include="lib\gsl\string_span.h" />
    <None Include="lib\polyhook\Debug\PolyHook_2.pdb" />
    <None Include="lib\polyhook\Release\PolyHook_2.pdb" />
  </ItemGroup>
  <ItemGroup>
    <Library Include="lib\detours\detours.lib" />
    <Library Include="lib\detours\syelog.lib" />
    <Library Include="lib\polyhook\Debug\PolyHook_2.lib" />
    <Library Include="lib\polyhook\Release\PolyHook_2.lib" />
  </ItemGroup>
</Project>